PODS:
  - Nimble (7.0.1)
  - SHMTableView (3.0.0)

DEPENDENCIES:
  - Nimble
  - SHMTableView (from `../`)

EXTERNAL SOURCES:
  SHMTableView:
    :path: "../"

SPEC CHECKSUMS:
  Nimble: 657d000e11df8aebe27cdaf9d244de7f30ed87f7
  SHMTableView: 994a9780fb4f2b2ffee7c7376542676fea65f4d9

PODFILE CHECKSUM: 64ce0ec7736b3b033dda348d5208edf6e1df4b37

COCOAPODS: 1.2.1
