PODS:
  - Nimble (6.0.1)
  - SHMTableView (1.0.0)

DEPENDENCIES:
  - Nimble (= 6.0.1)
  - SHMTableView (from `../`)

EXTERNAL SOURCES:
  SHMTableView:
    :path: "../"

SPEC CHECKSUMS:
  Nimble: 1527fd1bd2b4cf0636251a36bc8ab37e81da8347
  SHMTableView: 189fcee0fe851ba102ac6be7dd5c8befbfaf6892

PODFILE CHECKSUM: 9627ec02ca8c0a97e6ec1c323c04ef8379d85107

COCOAPODS: 1.2.0
